
Microsoft Visual Studio Solution File, Format Version 12.00
# Visual Studio 15
VisualStudioVersion = 15.0.28307.168
MinimumVisualStudioVersion = 10.0.40219.1
Project("{FAE04EC0-301F-11D3-BF4B-00C04F79EFBC}") = "streaming_encryption", "streaming_encryption\streaming_encryption.csproj", "{DBB7ABCD-96BA-4D99-B2A0-63CCAF4A8546}"
EndProject
Global
	GlobalSection(SolutionConfigurationPlatforms) = preSolution
		Debug|Any CPU = Debug|Any CPU
		Release|Any CPU = Release|Any CPU
	EndGlobalSection
	GlobalSection(ProjectConfigurationPlatforms) = postSolution
		{DBB7ABCD-96BA-4D99-B2A0-63CCAF4A8546}.Debug|Any CPU.ActiveCfg = Debug|Any CPU
		{DBB7ABCD-96BA-4D99-B2A0-63CCAF4A8546}.Debug|Any CPU.Build.0 = Debug|Any CPU
		{DBB7ABCD-96BA-4D99-B2A0-63CCAF4A8546}.Release|Any CPU.ActiveCfg = Release|Any CPU
		{DBB7ABCD-96BA-4D99-B2A0-63CCAF4A8546}.Release|Any CPU.Build.0 = Release|Any CPU
	EndGlobalSection
	GlobalSection(SolutionProperties) = preSolution
		HideSolutionNode = FALSE
	EndGlobalSection
	GlobalSection(ExtensibilityGlobals) = postSolution
		SolutionGuid = {F34299EE-CC09-4A7A-81C7-2A5202650258}
	EndGlobalSection
EndGlobal
